
Microsoft Visual Studio Solution File, Format Version 12.00
# Visual Studio Version 17
VisualStudioVersion = 17.3.32901.215
MinimumVisualStudioVersion = 10.0.40219.1
Project("{FAE04EC0-301F-11D3-BF4B-00C04F79EFBC}") = "Identity", "Identity\Identity.csproj", "{C6AA9A12-88AB-4CBD-96D3-00FD6E5EE07E}"
EndProject
Project("{FAE04EC0-301F-11D3-BF4B-00C04F79EFBC}") = "Catalog", "Catalog\Catalog.csproj", "{4E68C1F8-DB81-44D7-9DDD-405B19CEB3A0}"
EndProject
Project("{FAE04EC0-301F-11D3-BF4B-00C04F79EFBC}") = "Client", "Client\Client.csproj", "{E3DD6D12-515A-4BE0-87AD-5E45EDE6A783}"
EndProject
Project("{E53339B2-1760-4266-BCC7-CA923CBCF16C}") = "docker-compose", "docker-compose.dcproj", "{97256957-7615-4D59-99FA-ADB74B9A3F2C}"
EndProject
Global
	GlobalSection(SolutionConfigurationPlatforms) = preSolution
		Debug|Any CPU = Debug|Any CPU
		Release|Any CPU = Release|Any CPU
	EndGlobalSection
	GlobalSection(ProjectConfigurationPlatforms) = postSolution
		{C6AA9A12-88AB-4CBD-96D3-00FD6E5EE07E}.Debug|Any CPU.ActiveCfg = Debug|Any CPU
		{C6AA9A12-88AB-4CBD-96D3-00FD6E5EE07E}.Debug|Any CPU.Build.0 = Debug|Any CPU
		{C6AA9A12-88AB-4CBD-96D3-00FD6E5EE07E}.Release|Any CPU.ActiveCfg = Release|Any CPU
		{C6AA9A12-88AB-4CBD-96D3-00FD6E5EE07E}.Release|Any CPU.Build.0 = Release|Any CPU
		{4E68C1F8-DB81-44D7-9DDD-405B19CEB3A0}.Debug|Any CPU.ActiveCfg = Debug|Any CPU
		{4E68C1F8-DB81-44D7-9DDD-405B19CEB3A0}.Debug|Any CPU.Build.0 = Debug|Any CPU
		{4E68C1F8-DB81-44D7-9DDD-405B19CEB3A0}.Release|Any CPU.ActiveCfg = Release|Any CPU
		{4E68C1F8-DB81-44D7-9DDD-405B19CEB3A0}.Release|Any CPU.Build.0 = Release|Any CPU
		{E3DD6D12-515A-4BE0-87AD-5E45EDE6A783}.Debug|Any CPU.ActiveCfg = Debug|Any CPU
		{E3DD6D12-515A-4BE0-87AD-5E45EDE6A783}.Debug|Any CPU.Build.0 = Debug|Any CPU
		{E3DD6D12-515A-4BE0-87AD-5E45EDE6A783}.Release|Any CPU.ActiveCfg = Release|Any CPU
		{E3DD6D12-515A-4BE0-87AD-5E45EDE6A783}.Release|Any CPU.Build.0 = Release|Any CPU
		{97256957-7615-4D59-99FA-ADB74B9A3F2C}.Debug|Any CPU.ActiveCfg = Debug|Any CPU
		{97256957-7615-4D59-99FA-ADB74B9A3F2C}.Debug|Any CPU.Build.0 = Debug|Any CPU
		{97256957-7615-4D59-99FA-ADB74B9A3F2C}.Release|Any CPU.ActiveCfg = Release|Any CPU
		{97256957-7615-4D59-99FA-ADB74B9A3F2C}.Release|Any CPU.Build.0 = Release|Any CPU
	EndGlobalSection
	GlobalSection(SolutionProperties) = preSolution
		HideSolutionNode = FALSE
	EndGlobalSection
	GlobalSection(ExtensibilityGlobals) = postSolution
		SolutionGuid = {14E8DB51-7049-4B00-BFC0-6B43EEFB2CD2}
	EndGlobalSection
EndGlobal
